# Generated by pub
# See http://pub.dartlang.org/doc/glossary.html#lockfile
packages:
  args:
    description:
      name: args
      url: "https://pub.dartlang.org"
    source: hosted
    version: "0.13.7"
  json_schema:
    description:
      name: json_schema
      url: "https://pub.dartlang.org"
    source: hosted
    version: "1.0.6"
  logging:
    description:
      name: logging
      url: "https://pub.dartlang.org"
    source: hosted
    version: "0.11.3+1"
  path:
    description:
      name: path
      url: "https://pub.dartlang.org"
    source: hosted
    version: "1.4.2"
sdks:
  dart: ">=1.8.2 <2.0.0"
